github.com/VillKoi/computer-networks v0.0.0-20200928100250-c451b721bcef h1:eDUMB2fsfDBMF7Wig6RReshH23/0DDjt/L4syUNAgAY=
github.com/VillKoi/computer-networks v0.0.0-20200928100250-c451b721bcef/go.mod h1:nRQb9Tys6MSpbDpxxv/erE7TmykkCRn0eFE+2cYhpg8=
github.com/davecgh/go-spew v1.1.0 h1:ZDRjVQ15GmhC3fiQ8ni8+OwkZQO4DARzQgrnXU1Liz8=
github.com/davecgh/go-spew v1.1.0/go.mod h1:J7Y8YcW2NihsgmVo/mv3lAwl/skON4iLHjSsI+c5H38=
github.com/go-chi/chi v4.1.2+incompatible h1:fGFk2Gmi/YKXk0OmGfBh0WgmN3XB8lVnEyNz34tQRec=
github.com/go-chi/chi v4.1.2+incompatible/go.mod h1:eB3wogJHnLi3x/kFX2A+IbTBlXxmMeXJVKy9tTv1XzQ=
github.com/goftp/file-driver v0.0.0-20180502053751-5d604a0fc0c9 h1:cC0Hbb+18DJ4i6ybqDybvj4wdIDS4vnD0QEci98PgM8=
github.com/goftp/file-driver v0.0.0-20180502053751-5d604a0fc0c9/go.mod h1:GpOj6zuVBG3Inr9qjEnuVTgBlk2lZ1S9DcoFiXWyKss=
github.com/goftp/server v0.0.0-20200708154336-f64f7c2d8a42 h1:JdOp2qR5PF4O75tzHeqrwnDDv8oHDptWyTbyYS4fD8E=
github.com/goftp/server v0.0.0-20200708154336-f64f7c2d8a42/go.mod h1:k/SS6VWkxY7dHPhoMQ8IdRu8L4lQtmGbhyXGg+vCnXE=
github.com/jlaffaye/ftp v0.0.0-20200812143550-39e3779af0db h1:e30IC+OuZIeMVK33/zE7wDvxDaRmGuRt/ps67pzcxAw=
github.com/jlaffaye/ftp v0.0.0-20200812143550-39e3779af0db/go.mod h1:2lmrmq866uF2tnje75wQHzmPXhmSWUt7Gyx2vgK1RCU=
github.com/pmezard/go-difflib v1.0.0 h1:4DBwDE0NGyQoBHbLQYPwSUPoCMWR5BEzIk/f1lZbAQM=
github.com/pmezard/go-difflib v1.0.0/go.mod h1:iKH77koFhYxTK1pcRnkKkqfTogsbg7gZNVY4sRDYZ/4=
github.com/stretchr/objx v0.1.0/go.mod h1:HFkY916IF+rwdDfMAkV7OtwuqBVzrE8GR6GFx+wExME=
github.com/stretchr/testify v1.6.1 h1:hDPOHmpOpP40lSULcqw7IrRb/u7w6RpDC9399XyoNd0=
github.com/stretchr/testify v1.6.1/go.mod h1:6Fq8oRcR53rry900zMqJjRRixrwX3KX962/h/Wwjteg=
golang.org/x/sync v0.0.0-20200625203802-6e8e738ad208 h1:qwRHBd0NqMbJxfbotnDhm2ByMI1Shq4Y6oRJo21SGJA=
golang.org/x/sync v0.0.0-20200625203802-6e8e738ad208/go.mod h1:RxMgew5VJxzue5/jJTE5uejpjVlOe/izrB70Jof72aM=
gopkg.in/check.v1 v0.0.0-20161208181325-20d25e280405 h1:yhCVgyC4o1eVCa2tZl7eS0r+SDo693bJlVdllGtEeKM=
gopkg.in/check.v1 v0.0.0-20161208181325-20d25e280405/go.mod h1:Co6ibVJAznAaIkqp8huTwlJQCZ016jof/cbN4VW5Yz0=
gopkg.in/yaml.v3 v3.0.0-20200313102051-9f266ea9e77c h1:dUUwHk2QECo/6vqA44rthZ8ie2QXMNeKRTHCNY2nXvo=
gopkg.in/yaml.v3 v3.0.0-20200313102051-9f266ea9e77c/go.mod h1:K4uyk7z7BCEPqu6E+C64Yfv1cQ7kz7rIZviUmN+EgEM=
